
Microsoft Visual Studio Solution File, Format Version 12.00
# Visual Studio 2012
Project("{2150E333-8FDC-42A3-9474-1A3956D46DE8}") = "Solution Items", "Solution Items", "{42977A38-6995-47FD-96D8-47B6C4CFD21E}"
	ProjectSection(SolutionItems) = preProject
		Dig.vsmdi = Dig.vsmdi
		Local.testsettings = Local.testsettings
		TraceAndTestImpact.testsettings = TraceAndTestImpact.testsettings
	EndProjectSection
EndProject
Project("{2150E333-8FDC-42A3-9474-1A3956D46DE8}") = "Dig.Biz", "Dig.Biz", "{5888280C-9964-4EC0-ACD2-B4F4531D8404}"
EndProject
Project("{2150E333-8FDC-42A3-9474-1A3956D46DE8}") = "Dig.Tests", "Dig.Tests", "{564179A6-D27F-4473-B7B8-97024D2A48E1}"
EndProject
Project("{2150E333-8FDC-42A3-9474-1A3956D46DE8}") = "Dig.Data", "Dig.Data", "{AD08EEA3-590C-4037-8EF0-5D8D0909216C}"
EndProject
Project("{FAE04EC0-301F-11D3-BF4B-00C04F79EFBC}") = "Dig.Data.Models", "Dig.Data\Dig.Data.Models\Dig.Data.Models.csproj", "{C007EE6D-417B-4E94-944B-021C21E13B49}"
EndProject
Project("{FAE04EC0-301F-11D3-BF4B-00C04F79EFBC}") = "Dig.MvcWeb", "Dig.MvcWeb\Dig.MvcWeb.csproj", "{B437169D-3C3E-4FD1-85CD-6C87A5659B46}"
EndProject
Project("{FAE04EC0-301F-11D3-BF4B-00C04F79EFBC}") = "Dig.Data.Nhibernate", "Dig.Data\Dig.Data.Nhibernate\Dig.Data.Nhibernate.csproj", "{AE6948EB-AB6A-4A5F-9621-8DBE8DE0CA6C}"
EndProject
Project("{FAE04EC0-301F-11D3-BF4B-00C04F79EFBC}") = "Dig.Data.Repositories", "Dig.Data\Dig.Data.Repositories\Dig.Data.Repositories.csproj", "{E17FACF0-2D0A-4F47-AFFD-FCEB24D54CB4}"
EndProject
Project("{2150E333-8FDC-42A3-9474-1A3956D46DE8}") = "Dig.Common", "Dig.Common", "{9CB43D7A-F008-4D87-96BB-793D66B884E7}"
EndProject
Project("{FAE04EC0-301F-11D3-BF4B-00C04F79EFBC}") = "Dig.Data.Maps", "Dig.Data\Dig.Data.Maps\Dig.Data.Maps.csproj", "{D589BD76-F5B0-4ECB-91D2-1296D08B897D}"
EndProject
Project("{FAE04EC0-301F-11D3-BF4B-00C04F79EFBC}") = "Dig.Tests.DataAccess", "Dig.Tests\Dig.Tests.DataAccess\Dig.Tests.DataAccess.csproj", "{0A3D9E97-A01C-4091-82EB-9BDEA4C6C68B}"
EndProject
Global
	GlobalSection(TestCaseManagementSettings) = postSolution
		CategoryFile = Dig.vsmdi
	EndGlobalSection
	GlobalSection(SolutionConfigurationPlatforms) = preSolution
		Debug|Any CPU = Debug|Any CPU
		Release|Any CPU = Release|Any CPU
	EndGlobalSection
	GlobalSection(ProjectConfigurationPlatforms) = postSolution
		{C007EE6D-417B-4E94-944B-021C21E13B49}.Debug|Any CPU.ActiveCfg = Debug|Any CPU
		{C007EE6D-417B-4E94-944B-021C21E13B49}.Debug|Any CPU.Build.0 = Debug|Any CPU
		{C007EE6D-417B-4E94-944B-021C21E13B49}.Release|Any CPU.ActiveCfg = Release|Any CPU
		{C007EE6D-417B-4E94-944B-021C21E13B49}.Release|Any CPU.Build.0 = Release|Any CPU
		{B437169D-3C3E-4FD1-85CD-6C87A5659B46}.Debug|Any CPU.ActiveCfg = Debug|Any CPU
		{B437169D-3C3E-4FD1-85CD-6C87A5659B46}.Debug|Any CPU.Build.0 = Debug|Any CPU
		{B437169D-3C3E-4FD1-85CD-6C87A5659B46}.Release|Any CPU.ActiveCfg = Release|Any CPU
		{B437169D-3C3E-4FD1-85CD-6C87A5659B46}.Release|Any CPU.Build.0 = Release|Any CPU
		{AE6948EB-AB6A-4A5F-9621-8DBE8DE0CA6C}.Debug|Any CPU.ActiveCfg = Debug|Any CPU
		{AE6948EB-AB6A-4A5F-9621-8DBE8DE0CA6C}.Debug|Any CPU.Build.0 = Debug|Any CPU
		{AE6948EB-AB6A-4A5F-9621-8DBE8DE0CA6C}.Release|Any CPU.ActiveCfg = Release|Any CPU
		{AE6948EB-AB6A-4A5F-9621-8DBE8DE0CA6C}.Release|Any CPU.Build.0 = Release|Any CPU
		{E17FACF0-2D0A-4F47-AFFD-FCEB24D54CB4}.Debug|Any CPU.ActiveCfg = Debug|Any CPU
		{E17FACF0-2D0A-4F47-AFFD-FCEB24D54CB4}.Debug|Any CPU.Build.0 = Debug|Any CPU
		{E17FACF0-2D0A-4F47-AFFD-FCEB24D54CB4}.Release|Any CPU.ActiveCfg = Release|Any CPU
		{E17FACF0-2D0A-4F47-AFFD-FCEB24D54CB4}.Release|Any CPU.Build.0 = Release|Any CPU
		{D589BD76-F5B0-4ECB-91D2-1296D08B897D}.Debug|Any CPU.ActiveCfg = Debug|Any CPU
		{D589BD76-F5B0-4ECB-91D2-1296D08B897D}.Debug|Any CPU.Build.0 = Debug|Any CPU
		{D589BD76-F5B0-4ECB-91D2-1296D08B897D}.Release|Any CPU.ActiveCfg = Release|Any CPU
		{D589BD76-F5B0-4ECB-91D2-1296D08B897D}.Release|Any CPU.Build.0 = Release|Any CPU
		{0A3D9E97-A01C-4091-82EB-9BDEA4C6C68B}.Debug|Any CPU.ActiveCfg = Debug|Any CPU
		{0A3D9E97-A01C-4091-82EB-9BDEA4C6C68B}.Debug|Any CPU.Build.0 = Debug|Any CPU
		{0A3D9E97-A01C-4091-82EB-9BDEA4C6C68B}.Release|Any CPU.ActiveCfg = Release|Any CPU
		{0A3D9E97-A01C-4091-82EB-9BDEA4C6C68B}.Release|Any CPU.Build.0 = Release|Any CPU
	EndGlobalSection
	GlobalSection(SolutionProperties) = preSolution
		HideSolutionNode = FALSE
	EndGlobalSection
	GlobalSection(NestedProjects) = preSolution
		{42977A38-6995-47FD-96D8-47B6C4CFD21E} = {564179A6-D27F-4473-B7B8-97024D2A48E1}
		{0A3D9E97-A01C-4091-82EB-9BDEA4C6C68B} = {564179A6-D27F-4473-B7B8-97024D2A48E1}
		{C007EE6D-417B-4E94-944B-021C21E13B49} = {AD08EEA3-590C-4037-8EF0-5D8D0909216C}
		{AE6948EB-AB6A-4A5F-9621-8DBE8DE0CA6C} = {AD08EEA3-590C-4037-8EF0-5D8D0909216C}
		{E17FACF0-2D0A-4F47-AFFD-FCEB24D54CB4} = {AD08EEA3-590C-4037-8EF0-5D8D0909216C}
		{D589BD76-F5B0-4ECB-91D2-1296D08B897D} = {AD08EEA3-590C-4037-8EF0-5D8D0909216C}
	EndGlobalSection
EndGlobal
