
Microsoft Visual Studio Solution File, Format Version 12.00
# Visual Studio 2012
Project("{2150E333-8FDC-42A3-9474-1A3956D46DE8}") = "Dig.Wcf", "Dig.Wcf", "{B73DD662-025B-4713-B67B-8285CDD7D1CE}"
EndProject
Project("{2150E333-8FDC-42A3-9474-1A3956D46DE8}") = "Tests", "Tests", "{E793495E-CD01-4436-B965-4879C3E7899E}"
EndProject
Project("{2150E333-8FDC-42A3-9474-1A3956D46DE8}") = "Solution Items", "Solution Items", "{42977A38-6995-47FD-96D8-47B6C4CFD21E}"
	ProjectSection(SolutionItems) = preProject
		Dig.vsmdi = Dig.vsmdi
		Local.testsettings = Local.testsettings
		TraceAndTestImpact.testsettings = TraceAndTestImpact.testsettings
	EndProjectSection
EndProject
Project("{2150E333-8FDC-42A3-9474-1A3956D46DE8}") = "Dig.Biz", "Dig.Biz", "{5888280C-9964-4EC0-ACD2-B4F4531D8404}"
EndProject
Project("{2150E333-8FDC-42A3-9474-1A3956D46DE8}") = "Dig.Tests", "Dig.Tests", "{564179A6-D27F-4473-B7B8-97024D2A48E1}"
EndProject
Project("{FAE04EC0-301F-11D3-BF4B-00C04F79EFBC}") = "Dig.Shared", "Dig.Shared\Dig.Shared.csproj", "{E36EB786-7EEA-47AD-BE17-5348E685945A}"
EndProject
Project("{FAE04EC0-301F-11D3-BF4B-00C04F79EFBC}") = "Dig.Wcf.ServiceContracts", "Dig.Wcf.ServiceContracts\Dig.Wcf.ServiceContracts.csproj", "{81C578D7-BC20-49E3-8F04-DA629346B9FC}"
EndProject
Project("{FAE04EC0-301F-11D3-BF4B-00C04F79EFBC}") = "Dig.Wcf.ServiceImplementation", "Dig.Wcf.ServiceImplementation\Dig.Wcf.ServiceImplementation.csproj", "{AF968DA4-453D-4540-A92B-A3E05DD4CA69}"
EndProject
Project("{FAE04EC0-301F-11D3-BF4B-00C04F79EFBC}") = "Dig.Wcf.FaultContracts", "Dig.Wcf.FaultContracts\Dig.Wcf.FaultContracts.csproj", "{3B2A8E82-6C2F-4322-BF24-7E07256E065C}"
EndProject
Project("{FAE04EC0-301F-11D3-BF4B-00C04F79EFBC}") = "Dig.Wcf.DataContracts", "Dig.Wcf.DataContracts\Dig.Wcf.DataContracts.csproj", "{D88EAFD7-D33D-4FF6-AEE4-D45EC6F42453}"
EndProject
Project("{FAE04EC0-301F-11D3-BF4B-00C04F79EFBC}") = "Dig.Wcf.WebHost", "Dig.Wcf.WebHost\Dig.Wcf.WebHost.csproj", "{2D46C376-B68A-41E5-8EBE-A3D83EC286DD}"
EndProject
Project("{FAE04EC0-301F-11D3-BF4B-00C04F79EFBC}") = "Dig.Wcf.MessageContracts", "Dig.Wcf.MessageContracts\Dig.Wcf.MessageContracts.csproj", "{CA5996D7-C5A7-4F5D-8BB9-97D079D8FB2A}"
EndProject
Project("{FAE04EC0-301F-11D3-BF4B-00C04F79EFBC}") = "Dig.Web", "Dig.Web\Dig.Web.csproj", "{E01064A5-7BF1-451A-90EC-DFACA2B349DD}"
EndProject
Project("{2150E333-8FDC-42A3-9474-1A3956D46DE8}") = "Dig.Data", "Dig.Data", "{AD08EEA3-590C-4037-8EF0-5D8D0909216C}"
EndProject
Project("{FAE04EC0-301F-11D3-BF4B-00C04F79EFBC}") = "Dig.Data.Models", "Dig.Data\Dig.Data.Models\Dig.Data.Models.csproj", "{C007EE6D-417B-4E94-944B-021C21E13B49}"
EndProject
Project("{FAE04EC0-301F-11D3-BF4B-00C04F79EFBC}") = "Dig.WebApi", "Dig.WebApi\Dig.WebApi.csproj", "{D0AB7B32-E9F7-4AFA-B139-960930492190}"
EndProject
Project("{FAE04EC0-301F-11D3-BF4B-00C04F79EFBC}") = "Dig.WebApi.Tests", "Dig.WebApi.Tests\Dig.WebApi.Tests.csproj", "{AFAAB25A-1AF3-4905-856E-56FE515F6924}"
EndProject
Project("{FAE04EC0-301F-11D3-BF4B-00C04F79EFBC}") = "Dig.MvcWeb", "Dig.MvcWeb\Dig.MvcWeb.csproj", "{B437169D-3C3E-4FD1-85CD-6C87A5659B46}"
EndProject
Project("{FAE04EC0-301F-11D3-BF4B-00C04F79EFBC}") = "Dig.Data.Nhibernate", "Dig.Data\Dig.Data.Nhibernate\Dig.Data.Nhibernate.csproj", "{AE6948EB-AB6A-4A5F-9621-8DBE8DE0CA6C}"
EndProject
Project("{FAE04EC0-301F-11D3-BF4B-00C04F79EFBC}") = "NhibernateUnitTest", "Tests\NhibernateUnitTest\NhibernateUnitTest.csproj", "{A1371814-FA00-4961-B8D2-43A35C3245CF}"
EndProject
Project("{FAE04EC0-301F-11D3-BF4B-00C04F79EFBC}") = "Dig.Data.Repositories", "Dig.Data\Dig.Data.Repositories\Dig.Data.Repositories.csproj", "{E17FACF0-2D0A-4F47-AFFD-FCEB24D54CB4}"
EndProject
Global
	GlobalSection(TestCaseManagementSettings) = postSolution
		CategoryFile = Dig.vsmdi
	EndGlobalSection
	GlobalSection(SolutionConfigurationPlatforms) = preSolution
		Debug|Any CPU = Debug|Any CPU
		Release|Any CPU = Release|Any CPU
	EndGlobalSection
	GlobalSection(ProjectConfigurationPlatforms) = postSolution
		{E36EB786-7EEA-47AD-BE17-5348E685945A}.Debug|Any CPU.ActiveCfg = Debug|Any CPU
		{E36EB786-7EEA-47AD-BE17-5348E685945A}.Debug|Any CPU.Build.0 = Debug|Any CPU
		{E36EB786-7EEA-47AD-BE17-5348E685945A}.Release|Any CPU.ActiveCfg = Release|Any CPU
		{E36EB786-7EEA-47AD-BE17-5348E685945A}.Release|Any CPU.Build.0 = Release|Any CPU
		{81C578D7-BC20-49E3-8F04-DA629346B9FC}.Debug|Any CPU.ActiveCfg = Debug|Any CPU
		{81C578D7-BC20-49E3-8F04-DA629346B9FC}.Debug|Any CPU.Build.0 = Debug|Any CPU
		{81C578D7-BC20-49E3-8F04-DA629346B9FC}.Release|Any CPU.ActiveCfg = Release|Any CPU
		{81C578D7-BC20-49E3-8F04-DA629346B9FC}.Release|Any CPU.Build.0 = Release|Any CPU
		{AF968DA4-453D-4540-A92B-A3E05DD4CA69}.Debug|Any CPU.ActiveCfg = Debug|Any CPU
		{AF968DA4-453D-4540-A92B-A3E05DD4CA69}.Debug|Any CPU.Build.0 = Debug|Any CPU
		{AF968DA4-453D-4540-A92B-A3E05DD4CA69}.Release|Any CPU.ActiveCfg = Release|Any CPU
		{AF968DA4-453D-4540-A92B-A3E05DD4CA69}.Release|Any CPU.Build.0 = Release|Any CPU
		{3B2A8E82-6C2F-4322-BF24-7E07256E065C}.Debug|Any CPU.ActiveCfg = Debug|Any CPU
		{3B2A8E82-6C2F-4322-BF24-7E07256E065C}.Debug|Any CPU.Build.0 = Debug|Any CPU
		{3B2A8E82-6C2F-4322-BF24-7E07256E065C}.Release|Any CPU.ActiveCfg = Release|Any CPU
		{3B2A8E82-6C2F-4322-BF24-7E07256E065C}.Release|Any CPU.Build.0 = Release|Any CPU
		{D88EAFD7-D33D-4FF6-AEE4-D45EC6F42453}.Debug|Any CPU.ActiveCfg = Debug|Any CPU
		{D88EAFD7-D33D-4FF6-AEE4-D45EC6F42453}.Debug|Any CPU.Build.0 = Debug|Any CPU
		{D88EAFD7-D33D-4FF6-AEE4-D45EC6F42453}.Release|Any CPU.ActiveCfg = Release|Any CPU
		{D88EAFD7-D33D-4FF6-AEE4-D45EC6F42453}.Release|Any CPU.Build.0 = Release|Any CPU
		{2D46C376-B68A-41E5-8EBE-A3D83EC286DD}.Debug|Any CPU.ActiveCfg = Debug|Any CPU
		{2D46C376-B68A-41E5-8EBE-A3D83EC286DD}.Debug|Any CPU.Build.0 = Debug|Any CPU
		{2D46C376-B68A-41E5-8EBE-A3D83EC286DD}.Release|Any CPU.ActiveCfg = Release|Any CPU
		{2D46C376-B68A-41E5-8EBE-A3D83EC286DD}.Release|Any CPU.Build.0 = Release|Any CPU
		{CA5996D7-C5A7-4F5D-8BB9-97D079D8FB2A}.Debug|Any CPU.ActiveCfg = Debug|Any CPU
		{CA5996D7-C5A7-4F5D-8BB9-97D079D8FB2A}.Debug|Any CPU.Build.0 = Debug|Any CPU
		{CA5996D7-C5A7-4F5D-8BB9-97D079D8FB2A}.Release|Any CPU.ActiveCfg = Release|Any CPU
		{CA5996D7-C5A7-4F5D-8BB9-97D079D8FB2A}.Release|Any CPU.Build.0 = Release|Any CPU
		{E01064A5-7BF1-451A-90EC-DFACA2B349DD}.Debug|Any CPU.ActiveCfg = Debug|Any CPU
		{E01064A5-7BF1-451A-90EC-DFACA2B349DD}.Debug|Any CPU.Build.0 = Debug|Any CPU
		{E01064A5-7BF1-451A-90EC-DFACA2B349DD}.Release|Any CPU.ActiveCfg = Release|Any CPU
		{E01064A5-7BF1-451A-90EC-DFACA2B349DD}.Release|Any CPU.Build.0 = Release|Any CPU
		{C007EE6D-417B-4E94-944B-021C21E13B49}.Debug|Any CPU.ActiveCfg = Debug|Any CPU
		{C007EE6D-417B-4E94-944B-021C21E13B49}.Debug|Any CPU.Build.0 = Debug|Any CPU
		{C007EE6D-417B-4E94-944B-021C21E13B49}.Release|Any CPU.ActiveCfg = Release|Any CPU
		{C007EE6D-417B-4E94-944B-021C21E13B49}.Release|Any CPU.Build.0 = Release|Any CPU
		{D0AB7B32-E9F7-4AFA-B139-960930492190}.Debug|Any CPU.ActiveCfg = Debug|Any CPU
		{D0AB7B32-E9F7-4AFA-B139-960930492190}.Debug|Any CPU.Build.0 = Debug|Any CPU
		{D0AB7B32-E9F7-4AFA-B139-960930492190}.Release|Any CPU.ActiveCfg = Release|Any CPU
		{D0AB7B32-E9F7-4AFA-B139-960930492190}.Release|Any CPU.Build.0 = Release|Any CPU
		{AFAAB25A-1AF3-4905-856E-56FE515F6924}.Debug|Any CPU.ActiveCfg = Debug|Any CPU
		{AFAAB25A-1AF3-4905-856E-56FE515F6924}.Debug|Any CPU.Build.0 = Debug|Any CPU
		{AFAAB25A-1AF3-4905-856E-56FE515F6924}.Release|Any CPU.ActiveCfg = Release|Any CPU
		{AFAAB25A-1AF3-4905-856E-56FE515F6924}.Release|Any CPU.Build.0 = Release|Any CPU
		{B437169D-3C3E-4FD1-85CD-6C87A5659B46}.Debug|Any CPU.ActiveCfg = Debug|Any CPU
		{B437169D-3C3E-4FD1-85CD-6C87A5659B46}.Debug|Any CPU.Build.0 = Debug|Any CPU
		{B437169D-3C3E-4FD1-85CD-6C87A5659B46}.Release|Any CPU.ActiveCfg = Release|Any CPU
		{B437169D-3C3E-4FD1-85CD-6C87A5659B46}.Release|Any CPU.Build.0 = Release|Any CPU
		{AE6948EB-AB6A-4A5F-9621-8DBE8DE0CA6C}.Debug|Any CPU.ActiveCfg = Debug|Any CPU
		{AE6948EB-AB6A-4A5F-9621-8DBE8DE0CA6C}.Debug|Any CPU.Build.0 = Debug|Any CPU
		{AE6948EB-AB6A-4A5F-9621-8DBE8DE0CA6C}.Release|Any CPU.ActiveCfg = Release|Any CPU
		{AE6948EB-AB6A-4A5F-9621-8DBE8DE0CA6C}.Release|Any CPU.Build.0 = Release|Any CPU
		{A1371814-FA00-4961-B8D2-43A35C3245CF}.Debug|Any CPU.ActiveCfg = Debug|Any CPU
		{A1371814-FA00-4961-B8D2-43A35C3245CF}.Debug|Any CPU.Build.0 = Debug|Any CPU
		{A1371814-FA00-4961-B8D2-43A35C3245CF}.Release|Any CPU.ActiveCfg = Release|Any CPU
		{A1371814-FA00-4961-B8D2-43A35C3245CF}.Release|Any CPU.Build.0 = Release|Any CPU
		{E17FACF0-2D0A-4F47-AFFD-FCEB24D54CB4}.Debug|Any CPU.ActiveCfg = Debug|Any CPU
		{E17FACF0-2D0A-4F47-AFFD-FCEB24D54CB4}.Debug|Any CPU.Build.0 = Debug|Any CPU
		{E17FACF0-2D0A-4F47-AFFD-FCEB24D54CB4}.Release|Any CPU.ActiveCfg = Release|Any CPU
		{E17FACF0-2D0A-4F47-AFFD-FCEB24D54CB4}.Release|Any CPU.Build.0 = Release|Any CPU
	EndGlobalSection
	GlobalSection(SolutionProperties) = preSolution
		HideSolutionNode = FALSE
	EndGlobalSection
	GlobalSection(NestedProjects) = preSolution
		{81C578D7-BC20-49E3-8F04-DA629346B9FC} = {B73DD662-025B-4713-B67B-8285CDD7D1CE}
		{AF968DA4-453D-4540-A92B-A3E05DD4CA69} = {B73DD662-025B-4713-B67B-8285CDD7D1CE}
		{3B2A8E82-6C2F-4322-BF24-7E07256E065C} = {B73DD662-025B-4713-B67B-8285CDD7D1CE}
		{D88EAFD7-D33D-4FF6-AEE4-D45EC6F42453} = {B73DD662-025B-4713-B67B-8285CDD7D1CE}
		{2D46C376-B68A-41E5-8EBE-A3D83EC286DD} = {B73DD662-025B-4713-B67B-8285CDD7D1CE}
		{CA5996D7-C5A7-4F5D-8BB9-97D079D8FB2A} = {B73DD662-025B-4713-B67B-8285CDD7D1CE}
		{42977A38-6995-47FD-96D8-47B6C4CFD21E} = {E793495E-CD01-4436-B965-4879C3E7899E}
		{A1371814-FA00-4961-B8D2-43A35C3245CF} = {E793495E-CD01-4436-B965-4879C3E7899E}
		{C007EE6D-417B-4E94-944B-021C21E13B49} = {AD08EEA3-590C-4037-8EF0-5D8D0909216C}
		{AE6948EB-AB6A-4A5F-9621-8DBE8DE0CA6C} = {AD08EEA3-590C-4037-8EF0-5D8D0909216C}
		{E17FACF0-2D0A-4F47-AFFD-FCEB24D54CB4} = {AD08EEA3-590C-4037-8EF0-5D8D0909216C}
	EndGlobalSection
EndGlobal
